// !$*UTF8*$!
{
	archiveVersion = 1;
	classes = {
	};
	objectVersion = 56;
	objects = {

/* Begin PBXBuildFile section */
		4C3F3F252BFFE1640085AAF6 /* journalDemoApp.swift in Sources */ = {isa = PBXBuildFile; fileRef = 4C3F3F242BFFE1640085AAF6 /* journalDemoApp.swift */; };
		4C3F3F272BFFE1640085AAF6 /* ContentView.swift in Sources */ = {isa = PBXBuildFile; fileRef = 4C3F3F262BFFE1640085AAF6 /* ContentView.swift */; };
		4C3F3F292BFFE1660085AAF6 /* Assets.xcassets in Resources */ = {isa = PBXBuildFile; fileRef = 4C3F3F282BFFE1660085AAF6 /* Assets.xcassets */; };
		4C3F3F2C2BFFE1660085AAF6 /* Preview Assets.xcassets in Resources */ = {isa = PBXBuildFile; fileRef = 4C3F3F2B2BFFE1660085AAF6 /* Preview Assets.xcassets */; };
		4C3F3F362BFFE1660085AAF6 /* journalDemoTests.swift in Sources */ = {isa = PBXBuildFile; fileRef = 4C3F3F352BFFE1660085AAF6 /* journalDemoTests.swift */; };
		4C3F3F402BFFE1660085AAF6 /* journalDemoUITests.swift in Sources */ = {isa = PBXBuildFile; fileRef = 4C3F3F3F2BFFE1660085AAF6 /* journalDemoUITests.swift */; };
		4C3F3F422BFFE1660085AAF6 /* journalDemoUITestsLaunchTests.swift in Sources */ = {isa = PBXBuildFile; fileRef = 4C3F3F412BFFE1660085AAF6 /* journalDemoUITestsLaunchTests.swift */; };
		4C3F3F512C00143A0085AAF6 /* JournalModel.swift in Sources */ = {isa = PBXBuildFile; fileRef = 4C3F3F502C00143A0085AAF6 /* JournalModel.swift */; };
		4CEDE3C72C0282E200F0204D /* Page.swift in Sources */ = {isa = PBXBuildFile; fileRef = 4CEDE3C62C0282E200F0204D /* Page.swift */; };
		4CEDE3C92C02992200F0204D /* JournalRowView.swift in Sources */ = {isa = PBXBuildFile; fileRef = 4CEDE3C82C02992200F0204D /* JournalRowView.swift */; };
		4CEDE3E52C065AD600F0204D /* JournalRow.swift in Sources */ = {isa = PBXBuildFile; fileRef = 4CEDE3E42C065AD600F0204D /* JournalRow.swift */; };
		4CEDE3E72C065B4800F0204D /* EditJournalView.swift in Sources */ = {isa = PBXBuildFile; fileRef = 4CEDE3E62C065B4800F0204D /* EditJournalView.swift */; };
		4CEDE3E92C0673D300F0204D /* FloatingButton.swift in Sources */ = {isa = PBXBuildFile; fileRef = 4CEDE3E82C0673D300F0204D /* FloatingButton.swift */; };
		4CEDE3EB2C06757600F0204D /* NewJournal.swift in Sources */ = {isa = PBXBuildFile; fileRef = 4CEDE3EA2C06757600F0204D /* NewJournal.swift */; };
/* End PBXBuildFile section */

/* Begin PBXContainerItemProxy section */
		4C3F3F322BFFE1660085AAF6 /* PBXContainerItemProxy */ = {
			isa = PBXContainerItemProxy;
			containerPortal = 4C3F3F192BFFE1630085AAF6 /* Project object */;
			proxyType = 1;
			remoteGlobalIDString = 4C3F3F202BFFE1640085AAF6;
			remoteInfo = journalDemo;
		};
		4C3F3F3C2BFFE1660085AAF6 /* PBXContainerItemProxy */ = {
			isa = PBXContainerItemProxy;
			containerPortal = 4C3F3F192BFFE1630085AAF6 /* Project object */;
			proxyType = 1;
			remoteGlobalIDString = 4C3F3F202BFFE1640085AAF6;
			remoteInfo = journalDemo;
		};
/* End PBXContainerItemProxy section */

/* Begin PBXFileReference section */
		4C3F3F212BFFE1640085AAF6 /* journalDemo.app */ = {isa = PBXFileReference; explicitFileType = wrapper.application; includeInIndex = 0; path = journalDemo.app; sourceTree = BUILT_PRODUCTS_DIR; };
		4C3F3F242BFFE1640085AAF6 /* journalDemoApp.swift */ = {isa = PBXFileReference; lastKnownFileType = sourcecode.swift; path = journalDemoApp.swift; sourceTree = "<group>"; };
		4C3F3F262BFFE1640085AAF6 /* ContentView.swift */ = {isa = PBXFileReference; lastKnownFileType = sourcecode.swift; path = ContentView.swift; sourceTree = "<group>"; };
		4C3F3F282BFFE1660085AAF6 /* Assets.xcassets */ = {isa = PBXFileReference; lastKnownFileType = folder.assetcatalog; path = Assets.xcassets; sourceTree = "<group>"; };
		4C3F3F2B2BFFE1660085AAF6 /* Preview Assets.xcassets */ = {isa = PBXFileReference; lastKnownFileType = folder.assetcatalog; path = "Preview Assets.xcassets"; sourceTree = "<group>"; };
		4C3F3F312BFFE1660085AAF6 /* journalDemoTests.xctest */ = {isa = PBXFileReference; explicitFileType = wrapper.cfbundle; includeInIndex = 0; path = journalDemoTests.xctest; sourceTree = BUILT_PRODUCTS_DIR; };
		4C3F3F352BFFE1660085AAF6 /* journalDemoTests.swift */ = {isa = PBXFileReference; lastKnownFileType = sourcecode.swift; path = journalDemoTests.swift; sourceTree = "<group>"; };
		4C3F3F3B2BFFE1660085AAF6 /* journalDemoUITests.xctest */ = {isa = PBXFileReference; explicitFileType = wrapper.cfbundle; includeInIndex = 0; path = journalDemoUITests.xctest; sourceTree = BUILT_PRODUCTS_DIR; };
		4C3F3F3F2BFFE1660085AAF6 /* journalDemoUITests.swift */ = {isa = PBXFileReference; lastKnownFileType = sourcecode.swift; path = journalDemoUITests.swift; sourceTree = "<group>"; };
		4C3F3F412BFFE1660085AAF6 /* journalDemoUITestsLaunchTests.swift */ = {isa = PBXFileReference; lastKnownFileType = sourcecode.swift; path = journalDemoUITestsLaunchTests.swift; sourceTree = "<group>"; };
		4C3F3F502C00143A0085AAF6 /* JournalModel.swift */ = {isa = PBXFileReference; lastKnownFileType = sourcecode.swift; path = JournalModel.swift; sourceTree = "<group>"; };
		4CEDE3C62C0282E200F0204D /* Page.swift */ = {isa = PBXFileReference; lastKnownFileType = sourcecode.swift; path = Page.swift; sourceTree = "<group>"; };
		4CEDE3C82C02992200F0204D /* JournalRowView.swift */ = {isa = PBXFileReference; lastKnownFileType = sourcecode.swift; path = JournalRowView.swift; sourceTree = "<group>"; };
		4CEDE3E42C065AD600F0204D /* JournalRow.swift */ = {isa = PBXFileReference; lastKnownFileType = sourcecode.swift; path = JournalRow.swift; sourceTree = "<group>"; };
		4CEDE3E62C065B4800F0204D /* EditJournalView.swift */ = {isa = PBXFileReference; lastKnownFileType = sourcecode.swift; path = EditJournalView.swift; sourceTree = "<group>"; };
		4CEDE3E82C0673D300F0204D /* FloatingButton.swift */ = {isa = PBXFileReference; lastKnownFileType = sourcecode.swift; path = FloatingButton.swift; sourceTree = "<group>"; };
		4CEDE3EA2C06757600F0204D /* NewJournal.swift */ = {isa = PBXFileReference; lastKnownFileType = sourcecode.swift; path = NewJournal.swift; sourceTree = "<group>"; };
/* End PBXFileReference section */

/* Begin PBXFrameworksBuildPhase section */
		4C3F3F1E2BFFE1640085AAF6 /* Frameworks */ = {
			isa = PBXFrameworksBuildPhase;
			buildActionMask = 2147483647;
			files = (
			);
			runOnlyForDeploymentPostprocessing = 0;
		};
		4C3F3F2E2BFFE1660085AAF6 /* Frameworks */ = {
			isa = PBXFrameworksBuildPhase;
			buildActionMask = 2147483647;
			files = (
			);
			runOnlyForDeploymentPostprocessing = 0;
		};
		4C3F3F382BFFE1660085AAF6 /* Frameworks */ = {
			isa = PBXFrameworksBuildPhase;
			buildActionMask = 2147483647;
			files = (
			);
			runOnlyForDeploymentPostprocessing = 0;
		};
/* End PBXFrameworksBuildPhase section */

/* Begin PBXGroup section */
		4C3F3F182BFFE1630085AAF6 = {
			isa = PBXGroup;
			children = (
				4C3F3F232BFFE1640085AAF6 /* journalDemo */,
				4C3F3F342BFFE1660085AAF6 /* journalDemoTests */,
				4C3F3F3E2BFFE1660085AAF6 /* journalDemoUITests */,
				4C3F3F222BFFE1640085AAF6 /* Products */,
			);
			sourceTree = "<group>";
		};
		4C3F3F222BFFE1640085AAF6 /* Products */ = {
			isa = PBXGroup;
			children = (
				4C3F3F212BFFE1640085AAF6 /* journalDemo.app */,
				4C3F3F312BFFE1660085AAF6 /* journalDemoTests.xctest */,
				4C3F3F3B2BFFE1660085AAF6 /* journalDemoUITests.xctest */,
			);
			name = Products;
			sourceTree = "<group>";
		};
		4C3F3F232BFFE1640085AAF6 /* journalDemo */ = {
			isa = PBXGroup;
			children = (
				4C3F3F242BFFE1640085AAF6 /* journalDemoApp.swift */,
				4C3F3F4F2BFFE43C0085AAF6 /* Views */,
				4C3F3F4E2BFFE4370085AAF6 /* Model */,
				4C3F3F282BFFE1660085AAF6 /* Assets.xcassets */,
				4C3F3F2A2BFFE1660085AAF6 /* Preview Content */,
			);
			path = journalDemo;
			sourceTree = "<group>";
		};
		4C3F3F2A2BFFE1660085AAF6 /* Preview Content */ = {
			isa = PBXGroup;
			children = (
				4C3F3F2B2BFFE1660085AAF6 /* Preview Assets.xcassets */,
			);
			path = "Preview Content";
			sourceTree = "<group>";
		};
		4C3F3F342BFFE1660085AAF6 /* journalDemoTests */ = {
			isa = PBXGroup;
			children = (
				4C3F3F352BFFE1660085AAF6 /* journalDemoTests.swift */,
			);
			path = journalDemoTests;
			sourceTree = "<group>";
		};
		4C3F3F3E2BFFE1660085AAF6 /* journalDemoUITests */ = {
			isa = PBXGroup;
			children = (
				4C3F3F3F2BFFE1660085AAF6 /* journalDemoUITests.swift */,
				4C3F3F412BFFE1660085AAF6 /* journalDemoUITestsLaunchTests.swift */,
			);
			path = journalDemoUITests;
			sourceTree = "<group>";
		};
		4C3F3F4E2BFFE4370085AAF6 /* Model */ = {
			isa = PBXGroup;
			children = (
				4C3F3F502C00143A0085AAF6 /* JournalModel.swift */,
				4CEDE3C62C0282E200F0204D /* Page.swift */,
			);
			path = Model;
			sourceTree = "<group>";
		};
		4C3F3F4F2BFFE43C0085AAF6 /* Views */ = {
			isa = PBXGroup;
			children = (
				4C3F3F262BFFE1640085AAF6 /* ContentView.swift */,
				4CEDE3C82C02992200F0204D /* JournalRowView.swift */,
				4CEDE3E42C065AD600F0204D /* JournalRow.swift */,
				4CEDE3E62C065B4800F0204D /* EditJournalView.swift */,
				4CEDE3E82C0673D300F0204D /* FloatingButton.swift */,
				4CEDE3EA2C06757600F0204D /* NewJournal.swift */,
			);
			path = Views;
			sourceTree = "<group>";
		};
/* End PBXGroup section */

/* Begin PBXNativeTarget section */
		4C3F3F202BFFE1640085AAF6 /* journalDemo */ = {
			isa = PBXNativeTarget;
			buildConfigurationList = 4C3F3F452BFFE1660085AAF6 /* Build configuration list for PBXNativeTarget "journalDemo" */;
			buildPhases = (
				4C3F3F1D2BFFE1640085AAF6 /* Sources */,
				4C3F3F1E2BFFE1640085AAF6 /* Frameworks */,
				4C3F3F1F2BFFE1640085AAF6 /* Resources */,
			);
			buildRules = (
			);
			dependencies = (
			);
			name = journalDemo;
			productName = journalDemo;
			productReference = 4C3F3F212BFFE1640085AAF6 /* journalDemo.app */;
			productType = "com.apple.product-type.application";
		};
		4C3F3F302BFFE1660085AAF6 /* journalDemoTests */ = {
			isa = PBXNativeTarget;
			buildConfigurationList = 4C3F3F482BFFE1660085AAF6 /* Build configuration list for PBXNativeTarget "journalDemoTests" */;
			buildPhases = (
				4C3F3F2D2BFFE1660085AAF6 /* Sources */,
				4C3F3F2E2BFFE1660085AAF6 /* Frameworks */,
				4C3F3F2F2BFFE1660085AAF6 /* Resources */,
			);
			buildRules = (
			);
			dependencies = (
				4C3F3F332BFFE1660085AAF6 /* PBXTargetDependency */,
			);
			name = journalDemoTests;
			productName = journalDemoTests;
			productReference = 4C3F3F312BFFE1660085AAF6 /* journalDemoTests.xctest */;
			productType = "com.apple.product-type.bundle.unit-test";
		};
		4C3F3F3A2BFFE1660085AAF6 /* journalDemoUITests */ = {
			isa = PBXNativeTarget;
			buildConfigurationList = 4C3F3F4B2BFFE1660085AAF6 /* Build configuration list for PBXNativeTarget "journalDemoUITests" */;
			buildPhases = (
				4C3F3F372BFFE1660085AAF6 /* Sources */,
				4C3F3F382BFFE1660085AAF6 /* Frameworks */,
				4C3F3F392BFFE1660085AAF6 /* Resources */,
			);
			buildRules = (
			);
			dependencies = (
				4C3F3F3D2BFFE1660085AAF6 /* PBXTargetDependency */,
			);
			name = journalDemoUITests;
			productName = journalDemoUITests;
			productReference = 4C3F3F3B2BFFE1660085AAF6 /* journalDemoUITests.xctest */;
			productType = "com.apple.product-type.bundle.ui-testing";
		};
/* End PBXNativeTarget section */

/* Begin PBXProject section */
		4C3F3F192BFFE1630085AAF6 /* Project object */ = {
			isa = PBXProject;
			attributes = {
				BuildIndependentTargetsInParallel = 1;
				LastSwiftUpdateCheck = 1540;
				LastUpgradeCheck = 1540;
				TargetAttributes = {
					4C3F3F202BFFE1640085AAF6 = {
						CreatedOnToolsVersion = 15.4;
					};
					4C3F3F302BFFE1660085AAF6 = {
						CreatedOnToolsVersion = 15.4;
						TestTargetID = 4C3F3F202BFFE1640085AAF6;
					};
					4C3F3F3A2BFFE1660085AAF6 = {
						CreatedOnToolsVersion = 15.4;
						TestTargetID = 4C3F3F202BFFE1640085AAF6;
					};
				};
			};
			buildConfigurationList = 4C3F3F1C2BFFE1630085AAF6 /* Build configuration list for PBXProject "journalDemo" */;
			compatibilityVersion = "Xcode 14.0";
			developmentRegion = en;
			hasScannedForEncodings = 0;
			knownRegions = (
				en,
				Base,
			);
			mainGroup = 4C3F3F182BFFE1630085AAF6;
			productRefGroup = 4C3F3F222BFFE1640085AAF6 /* Products */;
			projectDirPath = "";
			projectRoot = "";
			targets = (
				4C3F3F202BFFE1640085AAF6 /* journalDemo */,
				4C3F3F302BFFE1660085AAF6 /* journalDemoTests */,
				4C3F3F3A2BFFE1660085AAF6 /* journalDemoUITests */,
			);
		};
/* End PBXProject section */

/* Begin PBXResourcesBuildPhase section */
		4C3F3F1F2BFFE1640085AAF6 /* Resources */ = {
			isa = PBXResourcesBuildPhase;
			buildActionMask = 2147483647;
			files = (
				4C3F3F2C2BFFE1660085AAF6 /* Preview Assets.xcassets in Resources */,
				4C3F3F292BFFE1660085AAF6 /* Assets.xcassets in Resources */,
			);
			runOnlyForDeploymentPostprocessing = 0;
		};
		4C3F3F2F2BFFE1660085AAF6 /* Resources */ = {
			isa = PBXResourcesBuildPhase;
			buildActionMask = 2147483647;
			files = (
			);
			runOnlyForDeploymentPostprocessing = 0;
		};
		4C3F3F392BFFE1660085AAF6 /* Resources */ = {
			isa = PBXResourcesBuildPhase;
			buildActionMask = 2147483647;
			files = (
			);
			runOnlyForDeploymentPostprocessing = 0;
		};
/* End PBXResourcesBuildPhase section */

/* Begin PBXSourcesBuildPhase section */
		4C3F3F1D2BFFE1640085AAF6 /* Sources */ = {
			isa = PBXSourcesBuildPhase;
			buildActionMask = 2147483647;
			files = (
				4CEDE3E52C065AD600F0204D /* JournalRow.swift in Sources */,
				4C3F3F512C00143A0085AAF6 /* JournalModel.swift in Sources */,
				4CEDE3EB2C06757600F0204D /* NewJournal.swift in Sources */,
				4C3F3F272BFFE1640085AAF6 /* ContentView.swift in Sources */,
				4CEDE3E72C065B4800F0204D /* EditJournalView.swift in Sources */,
				4CEDE3C72C0282E200F0204D /* Page.swift in Sources */,
				4C3F3F252BFFE1640085AAF6 /* journalDemoApp.swift in Sources */,
				4CEDE3C92C02992200F0204D /* JournalRowView.swift in Sources */,
				4CEDE3E92C0673D300F0204D /* FloatingButton.swift in Sources */,
			);
			runOnlyForDeploymentPostprocessing = 0;
		};
		4C3F3F2D2BFFE1660085AAF6 /* Sources */ = {
			isa = PBXSourcesBuildPhase;
			buildActionMask = 2147483647;
			files = (
				4C3F3F362BFFE1660085AAF6 /* journalDemoTests.swift in Sources */,
			);
			runOnlyForDeploymentPostprocessing = 0;
		};
		4C3F3F372BFFE1660085AAF6 /* Sources */ = {
			isa = PBXSourcesBuildPhase;
			buildActionMask = 2147483647;
			files = (
				4C3F3F402BFFE1660085AAF6 /* journalDemoUITests.swift in Sources */,
				4C3F3F422BFFE1660085AAF6 /* journalDemoUITestsLaunchTests.swift in Sources */,
			);
			runOnlyForDeploymentPostprocessing = 0;
		};
/* End PBXSourcesBuildPhase section */

/* Begin PBXTargetDependency section */
		4C3F3F332BFFE1660085AAF6 /* PBXTargetDependency */ = {
			isa = PBXTargetDependency;
			target = 4C3F3F202BFFE1640085AAF6 /* journalDemo */;
			targetProxy = 4C3F3F322BFFE1660085AAF6 /* PBXContainerItemProxy */;
		};
		4C3F3F3D2BFFE1660085AAF6 /* PBXTargetDependency */ = {
			isa = PBXTargetDependency;
			target = 4C3F3F202BFFE1640085AAF6 /* journalDemo */;
			targetProxy = 4C3F3F3C2BFFE1660085AAF6 /* PBXContainerItemProxy */;
		};
/* End PBXTargetDependency section */

/* Begin XCBuildConfiguration section */
		4C3F3F432BFFE1660085AAF6 /* Debug */ = {
			isa = XCBuildConfiguration;
			buildSettings = {
				ALWAYS_SEARCH_USER_PATHS = NO;
				ASSETCATALOG_COMPILER_GENERATE_SWIFT_ASSET_SYMBOL_EXTENSIONS = YES;
				CLANG_ANALYZER_NONNULL = YES;
				CLANG_ANALYZER_NUMBER_OBJECT_CONVERSION = YES_AGGRESSIVE;
				CLANG_CXX_LANGUAGE_STANDARD = "gnu++20";
				CLANG_ENABLE_MODULES = YES;
				CLANG_ENABLE_OBJC_ARC = YES;
				CLANG_ENABLE_OBJC_WEAK = YES;
				CLANG_WARN_BLOCK_CAPTURE_AUTORELEASING = YES;
				CLANG_WARN_BOOL_CONVERSION = YES;
				CLANG_WARN_COMMA = YES;
				CLANG_WARN_CONSTANT_CONVERSION = YES;
				CLANG_WARN_DEPRECATED_OBJC_IMPLEMENTATIONS = YES;
				CLANG_WARN_DIRECT_OBJC_ISA_USAGE = YES_ERROR;
				CLANG_WARN_DOCUMENTATION_COMMENTS = YES;
				CLANG_WARN_EMPTY_BODY = YES;
				CLANG_WARN_ENUM_CONVERSION = YES;
				CLANG_WARN_INFINITE_RECURSION = YES;
				CLANG_WARN_INT_CONVERSION = YES;
				CLANG_WARN_NON_LITERAL_NULL_CONVERSION = YES;
				CLANG_WARN_OBJC_IMPLICIT_RETAIN_SELF = YES;
				CLANG_WARN_OBJC_LITERAL_CONVERSION = YES;
				CLANG_WARN_OBJC_ROOT_CLASS = YES_ERROR;
				CLANG_WARN_QUOTED_INCLUDE_IN_FRAMEWORK_HEADER = YES;
				CLANG_WARN_RANGE_LOOP_ANALYSIS = YES;
				CLANG_WARN_STRICT_PROTOTYPES = YES;
				CLANG_WARN_SUSPICIOUS_MOVE = YES;
				CLANG_WARN_UNGUARDED_AVAILABILITY = YES_AGGRESSIVE;
				CLANG_WARN_UNREACHABLE_CODE = YES;
				CLANG_WARN__DUPLICATE_METHOD_MATCH = YES;
				COPY_PHASE_STRIP = NO;
				DEBUG_INFORMATION_FORMAT = dwarf;
				ENABLE_STRICT_OBJC_MSGSEND = YES;
				ENABLE_TESTABILITY = YES;
				ENABLE_USER_SCRIPT_SANDBOXING = YES;
				GCC_C_LANGUAGE_STANDARD = gnu17;
				GCC_DYNAMIC_NO_PIC = NO;
				GCC_NO_COMMON_BLOCKS = YES;
				GCC_OPTIMIZATION_LEVEL = 0;
				GCC_PREPROCESSOR_DEFINITIONS = (
					"DEBUG=1",
					"$(inherited)",
				);
				GCC_WARN_64_TO_32_BIT_CONVERSION = YES;
				GCC_WARN_ABOUT_RETURN_TYPE = YES_ERROR;
				GCC_WARN_UNDECLARED_SELECTOR = YES;
				GCC_WARN_UNINITIALIZED_AUTOS = YES_AGGRESSIVE;
				GCC_WARN_UNUSED_FUNCTION = YES;
				GCC_WARN_UNUSED_VARIABLE = YES;
				IPHONEOS_DEPLOYMENT_TARGET = 17.5;
				LOCALIZATION_PREFERS_STRING_CATALOGS = YES;
				MTL_ENABLE_DEBUG_INFO = INCLUDE_SOURCE;
				MTL_FAST_MATH = YES;
				ONLY_ACTIVE_ARCH = YES;
				SDKROOT = iphoneos;
				SWIFT_ACTIVE_COMPILATION_CONDITIONS = "DEBUG $(inherited)";
				SWIFT_OPTIMIZATION_LEVEL = "-Onone";
			};
			name = Debug;
		};
		4C3F3F442BFFE1660085AAF6 /* Release */ = {
			isa = XCBuildConfiguration;
			buildSettings = {
				ALWAYS_SEARCH_USER_PATHS = NO;
				ASSETCATALOG_COMPILER_GENERATE_SWIFT_ASSET_SYMBOL_EXTENSIONS = YES;
				CLANG_ANALYZER_NONNULL = YES;
				CLANG_ANALYZER_NUMBER_OBJECT_CONVERSION = YES_AGGRESSIVE;
				CLANG_CXX_LANGUAGE_STANDARD = "gnu++20";
				CLANG_ENABLE_MODULES = YES;
				CLANG_ENABLE_OBJC_ARC = YES;
				CLANG_ENABLE_OBJC_WEAK = YES;
				CLANG_WARN_BLOCK_CAPTURE_AUTORELEASING = YES;
				CLANG_WARN_BOOL_CONVERSION = YES;
				CLANG_WARN_COMMA = YES;
				CLANG_WARN_CONSTANT_CONVERSION = YES;
				CLANG_WARN_DEPRECATED_OBJC_IMPLEMENTATIONS = YES;
				CLANG_WARN_DIRECT_OBJC_ISA_USAGE = YES_ERROR;
				CLANG_WARN_DOCUMENTATION_COMMENTS = YES;
				CLANG_WARN_EMPTY_BODY = YES;
				CLANG_WARN_ENUM_CONVERSION = YES;
				CLANG_WARN_INFINITE_RECURSION = YES;
				CLANG_WARN_INT_CONVERSION = YES;
				CLANG_WARN_NON_LITERAL_NULL_CONVERSION = YES;
				CLANG_WARN_OBJC_IMPLICIT_RETAIN_SELF = YES;
				CLANG_WARN_OBJC_LITERAL_CONVERSION = YES;
				CLANG_WARN_OBJC_ROOT_CLASS = YES_ERROR;
				CLANG_WARN_QUOTED_INCLUDE_IN_FRAMEWORK_HEADER = YES;
				CLANG_WARN_RANGE_LOOP_ANALYSIS = YES;
				CLANG_WARN_STRICT_PROTOTYPES = YES;
				CLANG_WARN_SUSPICIOUS_MOVE = YES;
				CLANG_WARN_UNGUARDED_AVAILABILITY = YES_AGGRESSIVE;
				CLANG_WARN_UNREACHABLE_CODE = YES;
				CLANG_WARN__DUPLICATE_METHOD_MATCH = YES;
				COPY_PHASE_STRIP = NO;
				DEBUG_INFORMATION_FORMAT = "dwarf-with-dsym";
				ENABLE_NS_ASSERTIONS = NO;
				ENABLE_STRICT_OBJC_MSGSEND = YES;
				ENABLE_USER_SCRIPT_SANDBOXING = YES;
				GCC_C_LANGUAGE_STANDARD = gnu17;
				GCC_NO_COMMON_BLOCKS = YES;
				GCC_WARN_64_TO_32_BIT_CONVERSION = YES;
				GCC_WARN_ABOUT_RETURN_TYPE = YES_ERROR;
				GCC_WARN_UNDECLARED_SELECTOR = YES;
				GCC_WARN_UNINITIALIZED_AUTOS = YES_AGGRESSIVE;
				GCC_WARN_UNUSED_FUNCTION = YES;
				GCC_WARN_UNUSED_VARIABLE = YES;
				IPHONEOS_DEPLOYMENT_TARGET = 17.5;
				LOCALIZATION_PREFERS_STRING_CATALOGS = YES;
				MTL_ENABLE_DEBUG_INFO = NO;
				MTL_FAST_MATH = YES;
				SDKROOT = iphoneos;
				SWIFT_COMPILATION_MODE = wholemodule;
				VALIDATE_PRODUCT = YES;
			};
			name = Release;
		};
		4C3F3F462BFFE1660085AAF6 /* Debug */ = {
			isa = XCBuildConfiguration;
			buildSettings = {
				ASSETCATALOG_COMPILER_APPICON_NAME = AppIcon;
				ASSETCATALOG_COMPILER_GLOBAL_ACCENT_COLOR_NAME = AccentColor;
				CODE_SIGN_STYLE = Automatic;
				CURRENT_PROJECT_VERSION = 1;
				DEVELOPMENT_ASSET_PATHS = "\"journalDemo/Preview Content\"";
				DEVELOPMENT_TEAM = ZB5WA6672J;
				ENABLE_PREVIEWS = YES;
				GENERATE_INFOPLIST_FILE = YES;
				INFOPLIST_KEY_UIApplicationSceneManifest_Generation = YES;
				INFOPLIST_KEY_UIApplicationSupportsIndirectInputEvents = YES;
				INFOPLIST_KEY_UILaunchScreen_Generation = YES;
				INFOPLIST_KEY_UISupportedInterfaceOrientations_iPad = "UIInterfaceOrientationPortrait UIInterfaceOrientationPortraitUpsideDown UIInterfaceOrientationLandscapeLeft UIInterfaceOrientationLandscapeRight";
				INFOPLIST_KEY_UISupportedInterfaceOrientations_iPhone = "UIInterfaceOrientationPortrait UIInterfaceOrientationLandscapeLeft UIInterfaceOrientationLandscapeRight";
				LD_RUNPATH_SEARCH_PATHS = (
					"$(inherited)",
					"@executable_path/Frameworks",
				);
				MARKETING_VERSION = 1.0;
				PRODUCT_BUNDLE_IDENTIFIER = com.dezblair.appledeveloperacademy.journalDemo;
				PRODUCT_NAME = "$(TARGET_NAME)";
				SWIFT_EMIT_LOC_STRINGS = YES;
				SWIFT_VERSION = 5.0;
				TARGETED_DEVICE_FAMILY = "1,2";
			};
			name = Debug;
		};
		4C3F3F472BFFE1660085AAF6 /* Release */ = {
			isa = XCBuildConfiguration;
			buildSettings = {
				ASSETCATALOG_COMPILER_APPICON_NAME = AppIcon;
				ASSETCATALOG_COMPILER_GLOBAL_ACCENT_COLOR_NAME = AccentColor;
				CODE_SIGN_STYLE = Automatic;
				CURRENT_PROJECT_VERSION = 1;
				DEVELOPMENT_ASSET_PATHS = "\"journalDemo/Preview Content\"";
				DEVELOPMENT_TEAM = ZB5WA6672J;
				ENABLE_PREVIEWS = YES;
				GENERATE_INFOPLIST_FILE = YES;
				INFOPLIST_KEY_UIApplicationSceneManifest_Generation = YES;
				INFOPLIST_KEY_UIApplicationSupportsIndirectInputEvents = YES;
				INFOPLIST_KEY_UILaunchScreen_Generation = YES;
				INFOPLIST_KEY_UISupportedInterfaceOrientations_iPad = "UIInterfaceOrientationPortrait UIInterfaceOrientationPortraitUpsideDown UIInterfaceOrientationLandscapeLeft UIInterfaceOrientationLandscapeRight";
				INFOPLIST_KEY_UISupportedInterfaceOrientations_iPhone = "UIInterfaceOrientationPortrait UIInterfaceOrientationLandscapeLeft UIInterfaceOrientationLandscapeRight";
				LD_RUNPATH_SEARCH_PATHS = (
					"$(inherited)",
					"@executable_path/Frameworks",
				);
				MARKETING_VERSION = 1.0;
				PRODUCT_BUNDLE_IDENTIFIER = com.dezblair.appledeveloperacademy.journalDemo;
				PRODUCT_NAME = "$(TARGET_NAME)";
				SWIFT_EMIT_LOC_STRINGS = YES;
				SWIFT_VERSION = 5.0;
				TARGETED_DEVICE_FAMILY = "1,2";
			};
			name = Release;
		};
		4C3F3F492BFFE1660085AAF6 /* Debug */ = {
			isa = XCBuildConfiguration;
			buildSettings = {
				ALWAYS_EMBED_SWIFT_STANDARD_LIBRARIES = YES;
				BUNDLE_LOADER = "$(TEST_HOST)";
				CODE_SIGN_STYLE = Automatic;
				CURRENT_PROJECT_VERSION = 1;
				DEVELOPMENT_TEAM = ZB5WA6672J;
				GENERATE_INFOPLIST_FILE = YES;
				IPHONEOS_DEPLOYMENT_TARGET = 17.5;
				MARKETING_VERSION = 1.0;
				PRODUCT_BUNDLE_IDENTIFIER = com.dezblair.appledeveloperacademy.journalDemoTests;
				PRODUCT_NAME = "$(TARGET_NAME)";
				SWIFT_EMIT_LOC_STRINGS = NO;
				SWIFT_VERSION = 5.0;
				TARGETED_DEVICE_FAMILY = "1,2";
				TEST_HOST = "$(BUILT_PRODUCTS_DIR)/journalDemo.app/$(BUNDLE_EXECUTABLE_FOLDER_PATH)/journalDemo";
			};
			name = Debug;
		};
		4C3F3F4A2BFFE1660085AAF6 /* Release */ = {
			isa = XCBuildConfiguration;
			buildSettings = {
				ALWAYS_EMBED_SWIFT_STANDARD_LIBRARIES = YES;
				BUNDLE_LOADER = "$(TEST_HOST)";
				CODE_SIGN_STYLE = Automatic;
				CURRENT_PROJECT_VERSION = 1;
				DEVELOPMENT_TEAM = ZB5WA6672J;
				GENERATE_INFOPLIST_FILE = YES;
				IPHONEOS_DEPLOYMENT_TARGET = 17.5;
				MARKETING_VERSION = 1.0;
				PRODUCT_BUNDLE_IDENTIFIER = com.dezblair.appledeveloperacademy.journalDemoTests;
				PRODUCT_NAME = "$(TARGET_NAME)";
				SWIFT_EMIT_LOC_STRINGS = NO;
				SWIFT_VERSION = 5.0;
				TARGETED_DEVICE_FAMILY = "1,2";
				TEST_HOST = "$(BUILT_PRODUCTS_DIR)/journalDemo.app/$(BUNDLE_EXECUTABLE_FOLDER_PATH)/journalDemo";
			};
			name = Release;
		};
		4C3F3F4C2BFFE1660085AAF6 /* Debug */ = {
			isa = XCBuildConfiguration;
			buildSettings = {
				ALWAYS_EMBED_SWIFT_STANDARD_LIBRARIES = YES;
				CODE_SIGN_STYLE = Automatic;
				CURRENT_PROJECT_VERSION = 1;
				DEVELOPMENT_TEAM = ZB5WA6672J;
				GENERATE_INFOPLIST_FILE = YES;
				MARKETING_VERSION = 1.0;
				PRODUCT_BUNDLE_IDENTIFIER = com.dezblair.appledeveloperacademy.journalDemoUITests;
				PRODUCT_NAME = "$(TARGET_NAME)";
				SWIFT_EMIT_LOC_STRINGS = NO;
				SWIFT_VERSION = 5.0;
				TARGETED_DEVICE_FAMILY = "1,2";
				TEST_TARGET_NAME = journalDemo;
			};
			name = Debug;
		};
		4C3F3F4D2BFFE1660085AAF6 /* Release */ = {
			isa = XCBuildConfiguration;
			buildSettings = {
				ALWAYS_EMBED_SWIFT_STANDARD_LIBRARIES = YES;
				CODE_SIGN_STYLE = Automatic;
				CURRENT_PROJECT_VERSION = 1;
				DEVELOPMENT_TEAM = ZB5WA6672J;
				GENERATE_INFOPLIST_FILE = YES;
				MARKETING_VERSION = 1.0;
				PRODUCT_BUNDLE_IDENTIFIER = com.dezblair.appledeveloperacademy.journalDemoUITests;
				PRODUCT_NAME = "$(TARGET_NAME)";
				SWIFT_EMIT_LOC_STRINGS = NO;
				SWIFT_VERSION = 5.0;
				TARGETED_DEVICE_FAMILY = "1,2";
				TEST_TARGET_NAME = journalDemo;
			};
			name = Release;
		};
/* End XCBuildConfiguration section */

/* Begin XCConfigurationList section */
		4C3F3F1C2BFFE1630085AAF6 /* Build configuration list for PBXProject "journalDemo" */ = {
			isa = XCConfigurationList;
			buildConfigurations = (
				4C3F3F432BFFE1660085AAF6 /* Debug */,
				4C3F3F442BFFE1660085AAF6 /* Release */,
			);
			defaultConfigurationIsVisible = 0;
			defaultConfigurationName = Release;
		};
		4C3F3F452BFFE1660085AAF6 /* Build configuration list for PBXNativeTarget "journalDemo" */ = {
			isa = XCConfigurationList;
			buildConfigurations = (
				4C3F3F462BFFE1660085AAF6 /* Debug */,
				4C3F3F472BFFE1660085AAF6 /* Release */,
			);
			defaultConfigurationIsVisible = 0;
			defaultConfigurationName = Release;
		};
		4C3F3F482BFFE1660085AAF6 /* Build configuration list for PBXNativeTarget "journalDemoTests" */ = {
			isa = XCConfigurationList;
			buildConfigurations = (
				4C3F3F492BFFE1660085AAF6 /* Debug */,
				4C3F3F4A2BFFE1660085AAF6 /* Release */,
			);
			defaultConfigurationIsVisible = 0;
			defaultConfigurationName = Release;
		};
		4C3F3F4B2BFFE1660085AAF6 /* Build configuration list for PBXNativeTarget "journalDemoUITests" */ = {
			isa = XCConfigurationList;
			buildConfigurations = (
				4C3F3F4C2BFFE1660085AAF6 /* Debug */,
				4C3F3F4D2BFFE1660085AAF6 /* Release */,
			);
			defaultConfigurationIsVisible = 0;
			defaultConfigurationName = Release;
		};
/* End XCConfigurationList section */
	};
	rootObject = 4C3F3F192BFFE1630085AAF6 /* Project object */;
}
